
Microsoft Visual Studio Solution File, Format Version 12.00
# Visual Studio Version 16
VisualStudioVersion = 16.0.31624.102
MinimumVisualStudioVersion = 10.0.40219.1
Project("{FAE04EC0-301F-11D3-BF4B-00C04F79EFBC}") = "TestASS2", "TestASS2.csproj", "{499A7ABD-A8A2-43AB-9BEF-22A177AA7E58}"
EndProject
Global
	GlobalSection(SolutionConfigurationPlatforms) = preSolution
		Debug|Any CPU = Debug|Any CPU
		Release|Any CPU = Release|Any CPU
	EndGlobalSection
	GlobalSection(ProjectConfigurationPlatforms) = postSolution
		{499A7ABD-A8A2-43AB-9BEF-22A177AA7E58}.Debug|Any CPU.ActiveCfg = Debug|Any CPU
		{499A7ABD-A8A2-43AB-9BEF-22A177AA7E58}.Debug|Any CPU.Build.0 = Debug|Any CPU
		{499A7ABD-A8A2-43AB-9BEF-22A177AA7E58}.Release|Any CPU.ActiveCfg = Release|Any CPU
		{499A7ABD-A8A2-43AB-9BEF-22A177AA7E58}.Release|Any CPU.Build.0 = Release|Any CPU
	EndGlobalSection
	GlobalSection(SolutionProperties) = preSolution
		HideSolutionNode = FALSE
	EndGlobalSection
	GlobalSection(ExtensibilityGlobals) = postSolution
		SolutionGuid = {426FB9F7-4DCC-4EC7-B119-0F5166F1465F}
	EndGlobalSection
EndGlobal
